
Microsoft Visual Studio Solution File, Format Version 12.00
# Visual Studio Version 17
VisualStudioVersion = 17.0.31612.314
MinimumVisualStudioVersion = 10.0.40219.1
Project("{FAE04EC0-301F-11D3-BF4B-00C04F79EFBC}") = "APSwissVisite", "APSwissVisite\APSwissVisite.csproj", "{F012F498-A7C2-473A-B595-DA407B3265DF}"
EndProject
Global
	GlobalSection(SolutionConfigurationPlatforms) = preSolution
		Debug|Any CPU = Debug|Any CPU
		Release|Any CPU = Release|Any CPU
	EndGlobalSection
	GlobalSection(ProjectConfigurationPlatforms) = postSolution
		{F012F498-A7C2-473A-B595-DA407B3265DF}.Debug|Any CPU.ActiveCfg = Debug|Any CPU
		{F012F498-A7C2-473A-B595-DA407B3265DF}.Debug|Any CPU.Build.0 = Debug|Any CPU
		{F012F498-A7C2-473A-B595-DA407B3265DF}.Release|Any CPU.ActiveCfg = Release|Any CPU
		{F012F498-A7C2-473A-B595-DA407B3265DF}.Release|Any CPU.Build.0 = Release|Any CPU
	EndGlobalSection
	GlobalSection(SolutionProperties) = preSolution
		HideSolutionNode = FALSE
	EndGlobalSection
	GlobalSection(ExtensibilityGlobals) = postSolution
		SolutionGuid = {14E5A27D-0EC8-454F-B965-3A7928987B1E}
	EndGlobalSection
EndGlobal
